Microsoft Visual Studio Solution File, Format Version 12.00
# Visual Studio Version 17
VisualStudioVersion = 17.0.31903.59
MinimumVisualStudioVersion = 10.0.40219.1
Project("{BC8A1FFA-BEE3-4634-8014-F334798102B3}") = "version", "version.vcxproj", "{F1E2D3C4-B5A6-4789-9012-FEDCBA987654}"
EndProject
Global
	GlobalSection(SolutionConfigurationPlatforms) = preSolution
		Release|x64 = Release|x64
	EndGlobalSection
	GlobalSection(ProjectConfigurationPlatforms) = postSolution
		{F1E2D3C4-B5A6-4789-9012-FEDCBA987654}.Release|x64.ActiveCfg = Release|x64
		{F1E2D3C4-B5A6-4789-9012-FEDCBA987654}.Release|x64.Build.0 = Release|x64
	EndGlobalSection
	GlobalSection(SolutionProperties) = preSolution
		HideSolutionNode = FALSE
	EndGlobalSection
	GlobalSection(ExtensibilityGlobals) = postSolution
		SolutionGuid = {98974E57-E16A-48F8-9F23-F7288E51A58B}
	EndGlobalSection
EndGlobal
